// !$*UTF8*$!
{
	archiveVersion = 1;
	classes = {
	};
	objectVersion = 48;
	objects = {

/* Begin PBXBuildFile section */
		F92C557A1F94C06E00476CFB /* AppDelegate.swift in Sources */ = {isa = PBXBuildFile; fileRef = F92C55791F94C06E00476CFB /* AppDelegate.swift */; };
		F92C557C1F94C06E00476CFB /* ViewController.swift in Sources */ = {isa = PBXBuildFile; fileRef = F92C557B1F94C06E00476CFB /* ViewController.swift */; };
		F92C557F1F94C06E00476CFB /* Main.storyboard in Resources */ = {isa = PBXBuildFile; fileRef = F92C557D1F94C06E00476CFB /* Main.storyboard */; };
		F92C55811F94C06E00476CFB /* Assets.xcassets in Resources */ = {isa = PBXBuildFile; fileRef = F92C55801F94C06E00476CFB /* Assets.xcassets */; };
		F92C55841F94C06E00476CFB /* LaunchScreen.storyboard in Resources */ = {isa = PBXBuildFile; fileRef = F92C55821F94C06E00476CFB /* LaunchScreen.storyboard */; };
		F949A1241F953DF300641596 /* rz_logo.jpg in Resources */ = {isa = PBXBuildFile; fileRef = F949A1231F953DF300641596 /* rz_logo.jpg */; };
		F9807B3B1F97DCEC001BD351 /* rz_logo.jpg in Resources */ = {isa = PBXBuildFile; fileRef = F9807B3A1F97DCEB001BD351 /* rz_logo.jpg */; };
/* End PBXBuildFile section */

/* Begin PBXFileReference section */
		F92C55761F94C06E00476CFB /* AOS.app */ = {isa = PBXFileReference; explicitFileType = wrapper.application; includeInIndex = 0; path = AOS.app; sourceTree = BUILT_PRODUCTS_DIR; };
		F92C55791F94C06E00476CFB /* AppDelegate.swift */ = {isa = PBXFileReference; lastKnownFileType = sourcecode.swift; path = AppDelegate.swift; sourceTree = "<group>"; };
		F92C557B1F94C06E00476CFB /* ViewController.swift */ = {isa = PBXFileReference; lastKnownFileType = sourcecode.swift; path = ViewController.swift; sourceTree = "<group>"; };
		F92C557E1F94C06E00476CFB /* Base */ = {isa = PBXFileReference; lastKnownFileType = file.storyboard; name = Base; path = Base.lproj/Main.storyboard; sourceTree = "<group>"; };
		F92C55801F94C06E00476CFB /* Assets.xcassets */ = {isa = PBXFileReference; lastKnownFileType = folder.assetcatalog; path = Assets.xcassets; sourceTree = "<group>"; };
		F92C55831F94C06E00476CFB /* Base */ = {isa = PBXFileReference; lastKnownFileType = file.storyboard; name = Base; path = Base.lproj/LaunchScreen.storyboard; sourceTree = "<group>"; };
		F92C55851F94C06E00476CFB /* Info.plist */ = {isa = PBXFileReference; lastKnownFileType = text.plist.xml; path = Info.plist; sourceTree = "<group>"; };
		F949A1231F953DF300641596 /* rz_logo.jpg */ = {isa = PBXFileReference; lastKnownFileType = image.jpeg; path = rz_logo.jpg; sourceTree = "<group>"; };
		F9807B3A1F97DCEB001BD351 /* rz_logo.jpg */ = {isa = PBXFileReference; lastKnownFileType = image.jpeg; path = rz_logo.jpg; sourceTree = "<group>"; };
/* End PBXFileReference section */

/* Begin PBXFrameworksBuildPhase section */
		F92C55731F94C06E00476CFB /* Frameworks */ = {
			isa = PBXFrameworksBuildPhase;
			buildActionMask = 2147483647;
			files = (
			);
			runOnlyForDeploymentPostprocessing = 0;
		};
/* End PBXFrameworksBuildPhase section */

/* Begin PBXGroup section */
		F92C556D1F94C06E00476CFB = {
			isa = PBXGroup;
			children = (
				F92C55781F94C06E00476CFB /* AOS */,
				F92C55771F94C06E00476CFB /* Products */,
			);
			sourceTree = "<group>";
		};
		F92C55771F94C06E00476CFB /* Products */ = {
			isa = PBXGroup;
			children = (
				F92C55761F94C06E00476CFB /* AOS.app */,
			);
			name = Products;
			sourceTree = "<group>";
		};
		F92C55781F94C06E00476CFB /* AOS */ = {
			isa = PBXGroup;
			children = (
				F92C55791F94C06E00476CFB /* AppDelegate.swift */,
				F92C557B1F94C06E00476CFB /* ViewController.swift */,
				F92C557D1F94C06E00476CFB /* Main.storyboard */,
				F949A1231F953DF300641596 /* rz_logo.jpg */,
				F9807B3A1F97DCEB001BD351 /* rz_logo.jpg */,
				F92C55801F94C06E00476CFB /* Assets.xcassets */,
				F92C55821F94C06E00476CFB /* LaunchScreen.storyboard */,
				F92C55851F94C06E00476CFB /* Info.plist */,
			);
			path = AOS;
			sourceTree = "<group>";
		};
/* End PBXGroup section */

/* Begin PBXNativeTarget section */
		F92C55751F94C06E00476CFB /* AOS */ = {
			isa = PBXNativeTarget;
			buildConfigurationList = F92C55881F94C06E00476CFB /* Build configuration list for PBXNativeTarget "AOS" */;
			buildPhases = (
				F92C55721F94C06E00476CFB /* Sources */,
				F92C55731F94C06E00476CFB /* Frameworks */,
				F92C55741F94C06E00476CFB /* Resources */,
			);
			buildRules = (
			);
			dependencies = (
			);
			name = AOS;
			productName = AOS;
			productReference = F92C55761F94C06E00476CFB /* AOS.app */;
			productType = "com.apple.product-type.application";
		};
/* End PBXNativeTarget section */

/* Begin PBXProject section */
		F92C556E1F94C06E00476CFB /* Project object */ = {
			isa = PBXProject;
			attributes = {
				LastSwiftUpdateCheck = 0900;
				LastUpgradeCheck = 0900;
				ORGANIZATIONNAME = SSIT;
				TargetAttributes = {
					F92C55751F94C06E00476CFB = {
						CreatedOnToolsVersion = 9.0;
						ProvisioningStyle = Automatic;
					};
				};
			};
			buildConfigurationList = F92C55711F94C06E00476CFB /* Build configuration list for PBXProject "AOS" */;
			compatibilityVersion = "Xcode 8.0";
			developmentRegion = en;
			hasScannedForEncodings = 0;
			knownRegions = (
				en,
				Base,
			);
			mainGroup = F92C556D1F94C06E00476CFB;
			productRefGroup = F92C55771F94C06E00476CFB /* Products */;
			projectDirPath = "";
			projectRoot = "";
			targets = (
				F92C55751F94C06E00476CFB /* AOS */,
			);
		};
/* End PBXProject section */

/* Begin PBXResourcesBuildPhase section */
		F92C55741F94C06E00476CFB /* Resources */ = {
			isa = PBXResourcesBuildPhase;
			buildActionMask = 2147483647;
			files = (
				F9807B3B1F97DCEC001BD351 /* rz_logo.jpg in Resources */,
				F92C55841F94C06E00476CFB /* LaunchScreen.storyboard in Resources */,
				F92C55811F94C06E00476CFB /* Assets.xcassets in Resources */,
				F949A1241F953DF300641596 /* rz_logo.jpg in Resources */,
				F92C557F1F94C06E00476CFB /* Main.storyboard in Resources */,
			);
			runOnlyForDeploymentPostprocessing = 0;
		};
/* End PBXResourcesBuildPhase section */

/* Begin PBXSourcesBuildPhase section */
		F92C55721F94C06E00476CFB /* Sources */ = {
			isa = PBXSourcesBuildPhase;
			buildActionMask = 2147483647;
			files = (
				F92C557C1F94C06E00476CFB /* ViewController.swift in Sources */,
				F92C557A1F94C06E00476CFB /* AppDelegate.swift in Sources */,
			);
			runOnlyForDeploymentPostprocessing = 0;
		};
/* End PBXSourcesBuildPhase section */

/* Begin PBXVariantGroup section */
		F92C557D1F94C06E00476CFB /* Main.storyboard */ = {
			isa = PBXVariantGroup;
			children = (
				F92C557E1F94C06E00476CFB /* Base */,
			);
			name = Main.storyboard;
			sourceTree = "<group>";
		};
		F92C55821F94C06E00476CFB /* LaunchScreen.storyboard */ = {
			isa = PBXVariantGroup;
			children = (
				F92C55831F94C06E00476CFB /* Base */,
			);
			name = LaunchScreen.storyboard;
			sourceTree = "<group>";
		};
/* End PBXVariantGroup section */

/* Begin XCBuildConfiguration section */
		F92C55861F94C06E00476CFB /* Debug */ = {
			isa = XCBuildConfiguration;
			buildSettings = {
				ALWAYS_SEARCH_USER_PATHS = NO;
				CLANG_ANALYZER_NONNULL = YES;
				CLANG_ANALYZER_NUMBER_OBJECT_CONVERSION = YES_AGGRESSIVE;
				CLANG_CXX_LANGUAGE_STANDARD = "gnu++14";
				CLANG_CXX_LIBRARY = "libc++";
				CLANG_ENABLE_MODULES = YES;
				CLANG_ENABLE_OBJC_ARC = YES;
				CLANG_WARN_BLOCK_CAPTURE_AUTORELEASING = YES;
				CLANG_WARN_BOOL_CONVERSION = YES;
				CLANG_WARN_COMMA = YES;
				CLANG_WARN_CONSTANT_CONVERSION = YES;
				CLANG_WARN_DIRECT_OBJC_ISA_USAGE = YES_ERROR;
				CLANG_WARN_DOCUMENTATION_COMMENTS = YES;
				CLANG_WARN_EMPTY_BODY = YES;
				CLANG_WARN_ENUM_CONVERSION = YES;
				CLANG_WARN_INFINITE_RECURSION = YES;
				CLANG_WARN_INT_CONVERSION = YES;
				CLANG_WARN_NON_LITERAL_NULL_CONVERSION = YES;
				CLANG_WARN_OBJC_LITERAL_CONVERSION = YES;
				CLANG_WARN_OBJC_ROOT_CLASS = YES_ERROR;
				CLANG_WARN_RANGE_LOOP_ANALYSIS = YES;
				CLANG_WARN_STRICT_PROTOTYPES = YES;
				CLANG_WARN_SUSPICIOUS_MOVE = YES;
				CLANG_WARN_UNGUARDED_AVAILABILITY = YES_AGGRESSIVE;
				CLANG_WARN_UNREACHABLE_CODE = YES;
				CLANG_WARN__DUPLICATE_METHOD_MATCH = YES;
				CODE_SIGN_IDENTITY = "iPhone Developer";
				COPY_PHASE_STRIP = NO;
				DEBUG_INFORMATION_FORMAT = dwarf;
				ENABLE_STRICT_OBJC_MSGSEND = YES;
				ENABLE_TESTABILITY = YES;
				GCC_C_LANGUAGE_STANDARD = gnu11;
				GCC_DYNAMIC_NO_PIC = NO;
				GCC_NO_COMMON_BLOCKS = YES;
				GCC_OPTIMIZATION_LEVEL = 0;
				GCC_PREPROCESSOR_DEFINITIONS = (
					"DEBUG=1",
					"$(inherited)",
				);
				GCC_WARN_64_TO_32_BIT_CONVERSION = YES;
				GCC_WARN_ABOUT_RETURN_TYPE = YES_ERROR;
				GCC_WARN_UNDECLARED_SELECTOR = YES;
				GCC_WARN_UNINITIALIZED_AUTOS = YES_AGGRESSIVE;
				GCC_WARN_UNUSED_FUNCTION = YES;
				GCC_WARN_UNUSED_VARIABLE = YES;
				IPHONEOS_DEPLOYMENT_TARGET = 11.0;
				MTL_ENABLE_DEBUG_INFO = YES;
				ONLY_ACTIVE_ARCH = YES;
				SDKROOT = iphoneos;
				SWIFT_ACTIVE_COMPILATION_CONDITIONS = DEBUG;
				SWIFT_OPTIMIZATION_LEVEL = "-Onone";
			};
			name = Debug;
		};
		F92C55871F94C06E00476CFB /* Release */ = {
			isa = XCBuildConfiguration;
			buildSettings = {
				ALWAYS_SEARCH_USER_PATHS = NO;
				CLANG_ANALYZER_NONNULL = YES;
				CLANG_ANALYZER_NUMBER_OBJECT_CONVERSION = YES_AGGRESSIVE;
				CLANG_CXX_LANGUAGE_STANDARD = "gnu++14";
				CLANG_CXX_LIBRARY = "libc++";
				CLANG_ENABLE_MODULES = YES;
				CLANG_ENABLE_OBJC_ARC = YES;
				CLANG_WARN_BLOCK_CAPTURE_AUTORELEASING = YES;
				CLANG_WARN_BOOL_CONVERSION = YES;
				CLANG_WARN_COMMA = YES;
				CLANG_WARN_CONSTANT_CONVERSION = YES;
				CLANG_WARN_DIRECT_OBJC_ISA_USAGE = YES_ERROR;
				CLANG_WARN_DOCUMENTATION_COMMENTS = YES;
				CLANG_WARN_EMPTY_BODY = YES;
				CLANG_WARN_ENUM_CONVERSION = YES;
				CLANG_WARN_INFINITE_RECURSION = YES;
				CLANG_WARN_INT_CONVERSION = YES;
				CLANG_WARN_NON_LITERAL_NULL_CONVERSION = YES;
				CLANG_WARN_OBJC_LITERAL_CONVERSION = YES;
				CLANG_WARN_OBJC_ROOT_CLASS = YES_ERROR;
				CLANG_WARN_RANGE_LOOP_ANALYSIS = YES;
				CLANG_WARN_STRICT_PROTOTYPES = YES;
				CLANG_WARN_SUSPICIOUS_MOVE = YES;
				CLANG_WARN_UNGUARDED_AVAILABILITY = YES_AGGRESSIVE;
				CLANG_WARN_UNREACHABLE_CODE = YES;
				CLANG_WARN__DUPLICATE_METHOD_MATCH = YES;
				CODE_SIGN_IDENTITY = "iPhone Developer";
				COPY_PHASE_STRIP = NO;
				DEBUG_INFORMATION_FORMAT = "dwarf-with-dsym";
				ENABLE_NS_ASSERTIONS = NO;
				ENABLE_STRICT_OBJC_MSGSEND = YES;
				GCC_C_LANGUAGE_STANDARD = gnu11;
				GCC_NO_COMMON_BLOCKS = YES;
				GCC_WARN_64_TO_32_BIT_CONVERSION = YES;
				GCC_WARN_ABOUT_RETURN_TYPE = YES_ERROR;
				GCC_WARN_UNDECLARED_SELECTOR = YES;
				GCC_WARN_UNINITIALIZED_AUTOS = YES_AGGRESSIVE;
				GCC_WARN_UNUSED_FUNCTION = YES;
				GCC_WARN_UNUSED_VARIABLE = YES;
				IPHONEOS_DEPLOYMENT_TARGET = 11.0;
				MTL_ENABLE_DEBUG_INFO = NO;
				SDKROOT = iphoneos;
				SWIFT_OPTIMIZATION_LEVEL = "-Owholemodule";
				VALIDATE_PRODUCT = YES;
			};
			name = Release;
		};
		F92C55891F94C06E00476CFB /* Debug */ = {
			isa = XCBuildConfiguration;
			buildSettings = {
				ASSETCATALOG_COMPILER_APPICON_NAME = AppIcon;
				CODE_SIGN_STYLE = Automatic;
				DEVELOPMENT_TEAM = Q4S4M4THTQ;
				INFOPLIST_FILE = AOS/Info.plist;
				LD_RUNPATH_SEARCH_PATHS = "$(inherited) @executable_path/Frameworks";
				PRODUCT_BUNDLE_IDENTIFIER = sideloadSSIT.AOS;
				PRODUCT_NAME = "$(TARGET_NAME)";
				SWIFT_VERSION = 4.0;
				TARGETED_DEVICE_FAMILY = "1,2";
			};
			name = Debug;
		};
		F92C558A1F94C06E00476CFB /* Release */ = {
			isa = XCBuildConfiguration;
			buildSettings = {
				ASSETCATALOG_COMPILER_APPICON_NAME = AppIcon;
				CODE_SIGN_STYLE = Automatic;
				DEVELOPMENT_TEAM = Q4S4M4THTQ;
				INFOPLIST_FILE = AOS/Info.plist;
				LD_RUNPATH_SEARCH_PATHS = "$(inherited) @executable_path/Frameworks";
				PRODUCT_BUNDLE_IDENTIFIER = sideloadSSIT.AOS;
				PRODUCT_NAME = "$(TARGET_NAME)";
				SWIFT_VERSION = 4.0;
				TARGETED_DEVICE_FAMILY = "1,2";
			};
			name = Release;
		};
/* End XCBuildConfiguration section */

/* Begin XCConfigurationList section */
		F92C55711F94C06E00476CFB /* Build configuration list for PBXProject "AOS" */ = {
			isa = XCConfigurationList;
			buildConfigurations = (
				F92C55861F94C06E00476CFB /* Debug */,
				F92C55871F94C06E00476CFB /* Release */,
			);
			defaultConfigurationIsVisible = 0;
			defaultConfigurationName = Release;
		};
		F92C55881F94C06E00476CFB /* Build configuration list for PBXNativeTarget "AOS" */ = {
			isa = XCConfigurationList;
			buildConfigurations = (
				F92C55891F94C06E00476CFB /* Debug */,
				F92C558A1F94C06E00476CFB /* Release */,
			);
			defaultConfigurationIsVisible = 0;
			defaultConfigurationName = Release;
		};
/* End XCConfigurationList section */
	};
	rootObject = F92C556E1F94C06E00476CFB /* Project object */;
}
